<?xml version="1.0" encoding="utf-8"?>
<Project ToolsVersion="4.0" xmlns="http://schemas.microsoft.com/developer/msbuild/2003">
  <ItemGroup>
    <Filter Include="Source Files">
      <UniqueIdentifier>{4FC737F1-C7A5-4376-A066-2A32D752A2FF}</UniqueIdentifier>
      <Extensions>cpp;c;cc;cxx;c++;cppm;ixx;def;odl;idl;hpj;bat;asm;asmx</Extensions>
    </Filter>
    <Filter Include="Header Files">
      <UniqueIdentifier>{93995380-89BD-4b04-88EB-625FBE52EBFB}</UniqueIdentifier>
      <Extensions>h;hh;hpp;hxx;h++;hm;inl;inc;ipp;xsd</Extensions>
    </Filter>
    <Filter Include="Resource Files">
      <UniqueIdentifier>{67DA6AB6-F800-4c08-8B7A-83BB121AAD01}</UniqueIdentifier>
      <Extensions>rc;ico;cur;bmp;dlg;rc2;rct;bin;rgs;gif;jpg;jpeg;jpe;resx;tiff;tif;png;wav;mfcribbon-ms</Extensions>
    </Filter>
    <Filter Include="Source Files\Behaviours">
      <UniqueIdentifier>{4a584328-6301-4164-ac6b-5ca6bfd74057}</UniqueIdentifier>
    </Filter>
    <Filter Include="Header Files\Behaviours">
      <UniqueIdentifier>{f5683ce2-1a7e-4668-bf3e-abbd51a9d943}</UniqueIdentifier>
    </Filter>
  </ItemGroup>
  <ItemGroup>
    <ClCompile Include="src\ball.c">
      <Filter>Source Files</Filter>
    </ClCompile>
    <ClCompile Include="src\field.c">
      <Filter>Source Files</Filter>
    </ClCompile>
    <ClCompile Include="src\game.c">
      <Filter>Source Files</Filter>
    </ClCompile>
    <ClCompile Include="src\object.c">
      <Filter>Source Files</Filter>
    </ClCompile>
    <ClCompile Include="src\random.c">
      <Filter>Source Files</Filter>
    </ClCompile>
    <ClCompile Include="src\shape.c">
      <Filter>Source Files</Filter>
    </ClCompile>
    <ClCompile Include="src\objmgr.c">
      <Filter>Source Files</Filter>
    </ClCompile>
    <ClCompile Include="src\levelmgr.c">
      <Filter>Source Files</Filter>
    </ClCompile>
    <ClCompile Include="src\face.c">
      <Filter>Source Files</Filter>
    </ClCompile>
    <ClCompile Include="src\character.c">
      <Filter>Source Files</Filter>
    </ClCompile>
    <ClCompile Include="src\gameplaycomponent.c">
      <Filter>Source Files</Filter>
    </ClCompile>
    <ClCompile Include="src\animation.c">
      <Filter>Source Files</Filter>
    </ClCompile>
    <ClCompile Include="src\gameplaycomponentmanager.c">
      <Filter>Source Files</Filter>
    </ClCompile>
    <ClCompile Include="src\gameplaycomponenthelpers.c">
      <Filter>Source Files</Filter>
    </ClCompile>
    <ClCompile Include="src\collider.c">
      <Filter>Source Files</Filter>
    </ClCompile>
    <ClCompile Include="src\collisionmanager.c">
      <Filter>Source Files</Filter>
    </ClCompile>
    <ClCompile Include="src\gameplaystatemanager.c">
      <Filter>Source Files</Filter>
    </ClCompile>
    <ClCompile Include="src\impactinfo.c">
      <Filter>Source Files</Filter>
    </ClCompile>
    <ClCompile Include="src\kenanimations.c">
      <Filter>Source Files</Filter>
    </ClCompile>
    <ClCompile Include="src\blockhurtbehaviour.c">
      <Filter>Source Files\Behaviours</Filter>
    </ClCompile>
    <ClCompile Include="src\crouchbehaviour.c">
      <Filter>Source Files\Behaviours</Filter>
    </ClCompile>
    <ClCompile Include="src\crouchpunchbehaviour.c">
      <Filter>Source Files\Behaviours</Filter>
    </ClCompile>
    <ClCompile Include="src\idlebehaviour.c">
      <Filter>Source Files\Behaviours</Filter>
    </ClCompile>
    <ClCompile Include="src\kenbehaviors.c">
      <Filter>Source Files\Behaviours</Filter>
    </ClCompile>
    <ClCompile Include="src\kickbehaviour.c">
      <Filter>Source Files\Behaviours</Filter>
    </ClCompile>
    <ClCompile Include="src\punchbehaviour.c">
      <Filter>Source Files\Behaviours</Filter>
    </ClCompile>
    <ClCompile Include="src\retractbehaviour.c">
      <Filter>Source Files\Behaviours</Filter>
    </ClCompile>
    <ClCompile Include="src\standblockbehaviour.c">
      <Filter>Source Files\Behaviours</Filter>
    </ClCompile>
    <ClCompile Include="src\standhurtbehaviour.c">
      <Filter>Source Files\Behaviours</Filter>
    </ClCompile>
    <ClCompile Include="src\walkbehaviour.c">
      <Filter>Source Files\Behaviours</Filter>
    </ClCompile>
    <ClCompile Include="src\hadoukenbehaviour.c">
      <Filter>Source Files\Behaviours</Filter>
    </ClCompile>
    <ClCompile Include="src\hadouken.c">
      <Filter>Source Files</Filter>
    </ClCompile>
    <ClCompile Include="src\crouchkickbehaviour.c">
      <Filter>Source Files\Behaviours</Filter>
    </ClCompile>
    <ClCompile Include="src\crouchblockbehaviour.c">
      <Filter>Source Files\Behaviours</Filter>
    </ClCompile>
    <ClCompile Include="src\basichurtbehaviour.c">
      <Filter>Source Files\Behaviours</Filter>
    </ClCompile>
    <ClCompile Include="src\jumpbehaviour.c">
      <Filter>Source Files\Behaviours</Filter>
    </ClCompile>
    <ClCompile Include="src\directionaljumpbehaviour.c">
      <Filter>Source Files\Behaviours</Filter>
    </ClCompile>
    <ClCompile Include="src\jumppunchbehaviour.c">
      <Filter>Source Files\Behaviours</Filter>
    </ClCompile>
    <ClCompile Include="src\jumpkickbehaviour.c">
      <Filter>Source Files\Behaviours</Filter>
    </ClCompile>
    <ClCompile Include="src\directionaljumppunchbehaviour.c">
      <Filter>Source Files\Behaviours</Filter>
    </ClCompile>
    <ClCompile Include="src\directionaljumpkickbehaviour.c">
      <Filter>Source Files\Behaviours</Filter>
    </ClCompile>
    <ClCompile Include="src\backgroundmanager.c">
      <Filter>Source Files</Filter>
    </ClCompile>
    <ClCompile Include="src\healthbar.c">
      <Filter>Source Files</Filter>
    </ClCompile>
  </ItemGroup>
  <ItemGroup>
    <ClInclude Include="include\ball.h">
      <Filter>Header Files</Filter>
    </ClInclude>
    <ClInclude Include="include\field.h">
      <Filter>Header Files</Filter>
    </ClInclude>
    <ClInclude Include="include\object.h">
      <Filter>Header Files</Filter>
    </ClInclude>
    <ClInclude Include="include\random.h">
      <Filter>Header Files</Filter>
    </ClInclude>
    <ClInclude Include="include\shape.h">
      <Filter>Header Files</Filter>
    </ClInclude>
    <ClInclude Include="include\objmgr.h">
      <Filter>Header Files</Filter>
    </ClInclude>
    <ClInclude Include="include\levelmgr.h">
      <Filter>Header Files</Filter>
    </ClInclude>
    <ClInclude Include="include\face.h">
      <Filter>Header Files</Filter>
    </ClInclude>
    <ClInclude Include="include\character.h">
      <Filter>Header Files</Filter>
    </ClInclude>
    <ClInclude Include="include\gameplaycomponent.h">
      <Filter>Header Files</Filter>
    </ClInclude>
    <ClInclude Include="include\animation.h">
      <Filter>Header Files</Filter>
    </ClInclude>
    <ClInclude Include="include\collider.h">
      <Filter>Header Files</Filter>
    </ClInclude>
    <ClInclude Include="include\gameplaystatemanager.h">
      <Filter>Header Files</Filter>
    </ClInclude>
    <ClInclude Include="include\impactinfo.h">
      <Filter>Header Files</Filter>
    </ClInclude>
    <ClInclude Include="include\kenanimations.h">
      <Filter>Header Files</Filter>
    </ClInclude>
    <ClInclude Include="include\idlebehaviour.h">
      <Filter>Header Files</Filter>
    </ClInclude>
    <ClInclude Include="include\blockhurtbehaviour.h">
      <Filter>Header Files\Behaviours</Filter>
    </ClInclude>
    <ClInclude Include="include\crouchbehaviour.h">
      <Filter>Header Files\Behaviours</Filter>
    </ClInclude>
    <ClInclude Include="include\crouchpunchbehaviour.h">
      <Filter>Header Files\Behaviours</Filter>
    </ClInclude>
    <ClInclude Include="include\kickbehaviour.h">
      <Filter>Header Files\Behaviours</Filter>
    </ClInclude>
    <ClInclude Include="include\kenbehaviours.h">
      <Filter>Header Files\Behaviours</Filter>
    </ClInclude>
    <ClInclude Include="include\punchbehaviour.h">
      <Filter>Header Files\Behaviours</Filter>
    </ClInclude>
    <ClInclude Include="include\retractbehaviour.h">
      <Filter>Header Files\Behaviours</Filter>
    </ClInclude>
    <ClInclude Include="include\standblockbehaviour.h">
      <Filter>Header Files\Behaviours</Filter>
    </ClInclude>
    <ClInclude Include="include\standhurtbehaviour.h">
      <Filter>Header Files\Behaviours</Filter>
    </ClInclude>
    <ClInclude Include="include\walkbehaviour.h">
      <Filter>Header Files\Behaviours</Filter>
    </ClInclude>
    <ClInclude Include="include\keycodes.h">
      <Filter>Header Files\Behaviours</Filter>
    </ClInclude>
    <ClInclude Include="include\hadouken.h">
      <Filter>Header Files</Filter>
    </ClInclude>
    <ClInclude Include="include\hadoukenbehaviour.h">
      <Filter>Header Files\Behaviours</Filter>
    </ClInclude>
    <ClInclude Include="include\crouchkickbehaviour.h">
      <Filter>Header Files\Behaviours</Filter>
    </ClInclude>
    <ClInclude Include="include\crouchblockbehaviour.h">
      <Filter>Header Files\Behaviours</Filter>
    </ClInclude>
    <ClInclude Include="include\basichurtbehaviour.h">
      <Filter>Header Files\Behaviours</Filter>
    </ClInclude>
    <ClInclude Include="include\jumpbehaviour.h">
      <Filter>Header Files\Behaviours</Filter>
    </ClInclude>
    <ClInclude Include="include\directionaljumpbehaviour.h">
      <Filter>Header Files\Behaviours</Filter>
    </ClInclude>
    <ClInclude Include="include\jumppunchbehaviour.h">
      <Filter>Header Files\Behaviours</Filter>
    </ClInclude>
    <ClInclude Include="include\jumpkickbehaviour.h">
      <Filter>Header Files\Behaviours</Filter>
    </ClInclude>
    <ClInclude Include="include\directionaljumppunchbehaviour.h">
      <Filter>Header Files\Behaviours</Filter>
    </ClInclude>
    <ClInclude Include="include\directionaljumpkickbehaviour.h">
      <Filter>Header Files\Behaviours</Filter>
    </ClInclude>
    <ClInclude Include="include\healthbar.h">
      <Filter>Header Files</Filter>
    </ClInclude>
  </ItemGroup>
  <ItemGroup>
    <Xml Include="asset\connectionmap.xml" />
    <Xml Include="asset\connections.xml" />
    <Xml Include="asset\settings.xml" />
  </ItemGroup>
  <ItemGroup>
    <CopyFileToFolders Include="asset\snoods_default.png">
      <Filter>Resource Files</Filter>
    </CopyFileToFolders>
    <CopyFileToFolders Include="asset\beep.wav">
      <Filter>Resource Files</Filter>
    </CopyFileToFolders>
  </ItemGroup>
</Project>